
Microsoft Visual Studio Solution File, Format Version 12.00
# Visual Studio Version 16
VisualStudioVersion = 16.0.30204.135
MinimumVisualStudioVersion = 10.0.40219.1
Project("{FAE04EC0-301F-11D3-BF4B-00C04F79EFBC}") = "FajloviIO", "FajloviIO\FajloviIO.csproj", "{37718769-4138-48B0-86B0-46A08FA4A774}"
EndProject
Global
	GlobalSection(SolutionConfigurationPlatforms) = preSolution
		Debug|Any CPU = Debug|Any CPU
		Release|Any CPU = Release|Any CPU
	EndGlobalSection
	GlobalSection(ProjectConfigurationPlatforms) = postSolution
		{37718769-4138-48B0-86B0-46A08FA4A774}.Debug|Any CPU.ActiveCfg = Debug|Any CPU
		{37718769-4138-48B0-86B0-46A08FA4A774}.Debug|Any CPU.Build.0 = Debug|Any CPU
		{37718769-4138-48B0-86B0-46A08FA4A774}.Release|Any CPU.ActiveCfg = Release|Any CPU
		{37718769-4138-48B0-86B0-46A08FA4A774}.Release|Any CPU.Build.0 = Release|Any CPU
	EndGlobalSection
	GlobalSection(SolutionProperties) = preSolution
		HideSolutionNode = FALSE
	EndGlobalSection
	GlobalSection(ExtensibilityGlobals) = postSolution
		SolutionGuid = {CB8A84B9-F474-4384-8145-2B9003B1CC03}
	EndGlobalSection
EndGlobal
